
Microsoft Visual Studio Solution File, Format Version 12.00
# Visual Studio Version 17
VisualStudioVersion = 17.14.36109.1
MinimumVisualStudioVersion = 10.0.40219.1
Project("{2150E333-8FDC-42A3-9474-1A3956D46DE8}") = "src", "src", "{827E0CD3-B72D-47B6-A68D-7590B98EB39B}"
EndProject
Project("{FAE04EC0-301F-11D3-BF4B-00C04F79EFBC}") = "ElevatorSystem", "src\ElevatorSystem\ElevatorSystem.csproj", "{3D3A7C20-8A41-4EC3-B9E5-A4A19C2EDD04}"
EndProject
Project("{2150E333-8FDC-42A3-9474-1A3956D46DE8}") = "tests", "tests", "{0AB3BF05-4346-4AA6-1389-037BE0695223}"
EndProject
Project("{FAE04EC0-301F-11D3-BF4B-00C04F79EFBC}") = "ElevatorSystem.Tests", "tests\ElevatorSystem.Tests\ElevatorSystem.Tests.csproj", "{8DD6C001-79F9-44E9-B002-432F78B58EDF}"
EndProject
Global
	GlobalSection(SolutionConfigurationPlatforms) = preSolution
		Debug|Any CPU = Debug|Any CPU
		Debug|x64 = Debug|x64
		Debug|x86 = Debug|x86
		Release|Any CPU = Release|Any CPU
		Release|x64 = Release|x64
		Release|x86 = Release|x86
	EndGlobalSection
	GlobalSection(ProjectConfigurationPlatforms) = postSolution
		{3D3A7C20-8A41-4EC3-B9E5-A4A19C2EDD04}.Debug|Any CPU.ActiveCfg = Debug|Any CPU
		{3D3A7C20-8A41-4EC3-B9E5-A4A19C2EDD04}.Debug|Any CPU.Build.0 = Debug|Any CPU
		{3D3A7C20-8A41-4EC3-B9E5-A4A19C2EDD04}.Debug|x64.ActiveCfg = Debug|Any CPU
		{3D3A7C20-8A41-4EC3-B9E5-A4A19C2EDD04}.Debug|x64.Build.0 = Debug|Any CPU
		{3D3A7C20-8A41-4EC3-B9E5-A4A19C2EDD04}.Debug|x86.ActiveCfg = Debug|Any CPU
		{3D3A7C20-8A41-4EC3-B9E5-A4A19C2EDD04}.Debug|x86.Build.0 = Debug|Any CPU
		{3D3A7C20-8A41-4EC3-B9E5-A4A19C2EDD04}.Release|Any CPU.ActiveCfg = Release|Any CPU
		{3D3A7C20-8A41-4EC3-B9E5-A4A19C2EDD04}.Release|Any CPU.Build.0 = Release|Any CPU
		{3D3A7C20-8A41-4EC3-B9E5-A4A19C2EDD04}.Release|x64.ActiveCfg = Release|Any CPU
		{3D3A7C20-8A41-4EC3-B9E5-A4A19C2EDD04}.Release|x64.Build.0 = Release|Any CPU
		{3D3A7C20-8A41-4EC3-B9E5-A4A19C2EDD04}.Release|x86.ActiveCfg = Release|Any CPU
		{3D3A7C20-8A41-4EC3-B9E5-A4A19C2EDD04}.Release|x86.Build.0 = Release|Any CPU
		{8DD6C001-79F9-44E9-B002-432F78B58EDF}.Debug|Any CPU.ActiveCfg = Debug|Any CPU
		{8DD6C001-79F9-44E9-B002-432F78B58EDF}.Debug|Any CPU.Build.0 = Debug|Any CPU
		{8DD6C001-79F9-44E9-B002-432F78B58EDF}.Debug|x64.ActiveCfg = Debug|Any CPU
		{8DD6C001-79F9-44E9-B002-432F78B58EDF}.Debug|x64.Build.0 = Debug|Any CPU
		{8DD6C001-79F9-44E9-B002-432F78B58EDF}.Debug|x86.ActiveCfg = Debug|Any CPU
		{8DD6C001-79F9-44E9-B002-432F78B58EDF}.Debug|x86.Build.0 = Debug|Any CPU
		{8DD6C001-79F9-44E9-B002-432F78B58EDF}.Release|Any CPU.ActiveCfg = Release|Any CPU
		{8DD6C001-79F9-44E9-B002-432F78B58EDF}.Release|Any CPU.Build.0 = Release|Any CPU
		{8DD6C001-79F9-44E9-B002-432F78B58EDF}.Release|x64.ActiveCfg = Release|Any CPU
		{8DD6C001-79F9-44E9-B002-432F78B58EDF}.Release|x64.Build.0 = Release|Any CPU
		{8DD6C001-79F9-44E9-B002-432F78B58EDF}.Release|x86.ActiveCfg = Release|Any CPU
		{8DD6C001-79F9-44E9-B002-432F78B58EDF}.Release|x86.Build.0 = Release|Any CPU
	EndGlobalSection
	GlobalSection(SolutionProperties) = preSolution
		HideSolutionNode = FALSE
	EndGlobalSection
	GlobalSection(NestedProjects) = preSolution
		{3D3A7C20-8A41-4EC3-B9E5-A4A19C2EDD04} = {827E0CD3-B72D-47B6-A68D-7590B98EB39B}
		{8DD6C001-79F9-44E9-B002-432F78B58EDF} = {0AB3BF05-4346-4AA6-1389-037BE0695223}
	EndGlobalSection
	GlobalSection(ExtensibilityGlobals) = postSolution
		SolutionGuid = {45C08677-04EA-421D-880C-D3765F2EBA2C}
	EndGlobalSection
EndGlobal
