
Microsoft Visual Studio Solution File, Format Version 12.00
# Visual Studio Version 17
VisualStudioVersion = 17.14.36109.1 d17.14
MinimumVisualStudioVersion = 10.0.40219.1
Project("{FAE04EC0-301F-11D3-BF4B-00C04F79EFBC}") = "BookMyShow-LLD", "BookMyShow-LLD\BookMyShow-LLD.csproj", "{64000433-75B7-4A30-AC9E-7D0374457CD7}"
EndProject
Global
	GlobalSection(SolutionConfigurationPlatforms) = preSolution
		Debug|Any CPU = Debug|Any CPU
		Release|Any CPU = Release|Any CPU
	EndGlobalSection
	GlobalSection(ProjectConfigurationPlatforms) = postSolution
		{64000433-75B7-4A30-AC9E-7D0374457CD7}.Debug|Any CPU.ActiveCfg = Debug|Any CPU
		{64000433-75B7-4A30-AC9E-7D0374457CD7}.Debug|Any CPU.Build.0 = Debug|Any CPU
		{64000433-75B7-4A30-AC9E-7D0374457CD7}.Release|Any CPU.ActiveCfg = Release|Any CPU
		{64000433-75B7-4A30-AC9E-7D0374457CD7}.Release|Any CPU.Build.0 = Release|Any CPU
	EndGlobalSection
	GlobalSection(SolutionProperties) = preSolution
		HideSolutionNode = FALSE
	EndGlobalSection
	GlobalSection(ExtensibilityGlobals) = postSolution
		SolutionGuid = {A812D4DA-2753-4F4A-A4DE-AD65A30E62DA}
	EndGlobalSection
EndGlobal
